
Microsoft Visual Studio Solution File, Format Version 12.00
# Visual Studio Version 16
VisualStudioVersion = 16.0.29123.88
MinimumVisualStudioVersion = 10.0.40219.1
Project("{FAE04EC0-301F-11D3-BF4B-00C04F79EFBC}") = "Pizza", "Pizza\Pizza.csproj", "{7DC1F6B2-A29C-4B00-BFD5-6D3152FF525C}"
EndProject
Global
	GlobalSection(SolutionConfigurationPlatforms) = preSolution
		Debug|Any CPU = Debug|Any CPU
		Release|Any CPU = Release|Any CPU
	EndGlobalSection
	GlobalSection(ProjectConfigurationPlatforms) = postSolution
		{7DC1F6B2-A29C-4B00-BFD5-6D3152FF525C}.Debug|Any CPU.ActiveCfg = Debug|Any CPU
		{7DC1F6B2-A29C-4B00-BFD5-6D3152FF525C}.Debug|Any CPU.Build.0 = Debug|Any CPU
		{7DC1F6B2-A29C-4B00-BFD5-6D3152FF525C}.Release|Any CPU.ActiveCfg = Release|Any CPU
		{7DC1F6B2-A29C-4B00-BFD5-6D3152FF525C}.Release|Any CPU.Build.0 = Release|Any CPU
	EndGlobalSection
	GlobalSection(SolutionProperties) = preSolution
		HideSolutionNode = FALSE
	EndGlobalSection
	GlobalSection(ExtensibilityGlobals) = postSolution
		SolutionGuid = {5A749828-75B6-4F58-8AFC-BDCEC915A4D4}
	EndGlobalSection
EndGlobal
